
Microsoft Visual Studio Solution File, Format Version 12.00
# Visual Studio 15
VisualStudioVersion = 15.0.28307.902
MinimumVisualStudioVersion = 10.0.40219.1
Project("{FAE04EC0-301F-11D3-BF4B-00C04F79EFBC}") = "slnInterface", "slnInterface\slnInterface.csproj", "{643396EA-27B2-4E09-8E8C-07A42DB054FA}"
EndProject
Project("{FAE04EC0-301F-11D3-BF4B-00C04F79EFBC}") = "Ex_Interface02", "Ex_Interface02\Ex_Interface02.csproj", "{023C51B3-57A8-49CE-9052-984EBA118330}"
EndProject
Project("{FAE04EC0-301F-11D3-BF4B-00C04F79EFBC}") = "Ex_interface_03", "Ex_interface_03\Ex_interface_03.csproj", "{DA3C31CE-7132-4243-AB52-0A90BD445B38}"
EndProject
Project("{FAE04EC0-301F-11D3-BF4B-00C04F79EFBC}") = "Ex_interface_04", "Ex_infterface_04\Ex_interface_04.csproj", "{A2C3B94C-FA19-4253-B0CE-189744C59347}"
EndProject
Global
	GlobalSection(SolutionConfigurationPlatforms) = preSolution
		Debug|Any CPU = Debug|Any CPU
		Release|Any CPU = Release|Any CPU
	EndGlobalSection
	GlobalSection(ProjectConfigurationPlatforms) = postSolution
		{643396EA-27B2-4E09-8E8C-07A42DB054FA}.Debug|Any CPU.ActiveCfg = Debug|Any CPU
		{643396EA-27B2-4E09-8E8C-07A42DB054FA}.Debug|Any CPU.Build.0 = Debug|Any CPU
		{643396EA-27B2-4E09-8E8C-07A42DB054FA}.Release|Any CPU.ActiveCfg = Release|Any CPU
		{643396EA-27B2-4E09-8E8C-07A42DB054FA}.Release|Any CPU.Build.0 = Release|Any CPU
		{023C51B3-57A8-49CE-9052-984EBA118330}.Debug|Any CPU.ActiveCfg = Debug|Any CPU
		{023C51B3-57A8-49CE-9052-984EBA118330}.Debug|Any CPU.Build.0 = Debug|Any CPU
		{023C51B3-57A8-49CE-9052-984EBA118330}.Release|Any CPU.ActiveCfg = Release|Any CPU
		{023C51B3-57A8-49CE-9052-984EBA118330}.Release|Any CPU.Build.0 = Release|Any CPU
		{DA3C31CE-7132-4243-AB52-0A90BD445B38}.Debug|Any CPU.ActiveCfg = Debug|Any CPU
		{DA3C31CE-7132-4243-AB52-0A90BD445B38}.Debug|Any CPU.Build.0 = Debug|Any CPU
		{DA3C31CE-7132-4243-AB52-0A90BD445B38}.Release|Any CPU.ActiveCfg = Release|Any CPU
		{DA3C31CE-7132-4243-AB52-0A90BD445B38}.Release|Any CPU.Build.0 = Release|Any CPU
		{A2C3B94C-FA19-4253-B0CE-189744C59347}.Debug|Any CPU.ActiveCfg = Debug|Any CPU
		{A2C3B94C-FA19-4253-B0CE-189744C59347}.Debug|Any CPU.Build.0 = Debug|Any CPU
		{A2C3B94C-FA19-4253-B0CE-189744C59347}.Release|Any CPU.ActiveCfg = Release|Any CPU
		{A2C3B94C-FA19-4253-B0CE-189744C59347}.Release|Any CPU.Build.0 = Release|Any CPU
	EndGlobalSection
	GlobalSection(SolutionProperties) = preSolution
		HideSolutionNode = FALSE
	EndGlobalSection
	GlobalSection(ExtensibilityGlobals) = postSolution
		SolutionGuid = {030E67E6-2D94-4A87-ABDB-B163A35F82F6}
	EndGlobalSection
EndGlobal
